{
  "name": "layered-dynamics",
  "version": "1.0.0",
  "lockfileVersion": 3,
  "requires": true,
  "packages": {
    "": {
      "name": "layered-dynamics",
      "version": "1.0.0",
      "license": "ISC",
      "dependencies": {
        "percentile": "^1.6.0"
      }
    },
    "node_modules/percentile": {
      "version": "1.6.0",
      "resolved": "https://registry.npmjs.org/percentile/-/percentile-1.6.0.tgz",
      "integrity": "sha512-8vSyjdzwxGDHHwH+cSGch3A9Uj2On3UpgOWxWXMKwUvoAbnujx6DaqmV1duWXNiH/oEWpyVd6nSQccix6DM3Ng==",
      "license": "MIT"
    }
  }
}
